PODS:
  - boost-for-react-native (1.63.0)
  - BVLinearGradient (2.5.6):
    - React
  - Crashlytics (3.12.0):
    - Fabric (~> 1.9.0)
  - DoubleConversion (1.1.6)
  - Fabric (1.9.0)
  - Firebase/Core (6.13.0):
    - Firebase/CoreOnly
    - FirebaseAnalytics (= 6.1.6)
  - Firebase/CoreOnly (6.13.0):
    - FirebaseCore (= 6.4.0)
  - Firebase/DynamicLinks (6.13.0):
    - Firebase/CoreOnly
    - FirebaseDynamicLinks (~> 4.0.5)
  - Firebase/Performance (6.13.0):
    - Firebase/CoreOnly
    - FirebasePerformance (~> 3.1.7)
  - Firebase/RemoteConfig (6.13.0):
    - Firebase/CoreOnly
    - FirebaseRemoteConfig (~> 4.4.5)
  - FirebaseABTesting (3.1.2):
    - FirebaseAnalyticsInterop (~> 1.3)
    - FirebaseCore (~> 6.1)
    - Protobuf (>= 3.9.2, ~> 3.9)
  - FirebaseAnalytics (6.1.6):
    - FirebaseCore (~> 6.4)
    - FirebaseInstanceID (~> 4.2)
    - GoogleAppMeasurement (= 6.1.6)
    - GoogleUtilities/AppDelegateSwizzler (~> 6.0)
    - GoogleUtilities/MethodSwizzler (~> 6.0)
    - GoogleUtilities/Network (~> 6.0)
    - "GoogleUtilities/NSData+zlib (~> 6.0)"
    - nanopb (= 0.3.9011)
  - FirebaseAnalyticsInterop (1.4.0)
  - FirebaseCore (6.4.0):
    - FirebaseCoreDiagnostics (~> 1.0)
    - FirebaseCoreDiagnosticsInterop (~> 1.0)
    - GoogleUtilities/Environment (~> 6.2)
    - GoogleUtilities/Logger (~> 6.2)
  - FirebaseCoreDiagnostics (1.1.2):
    - FirebaseCoreDiagnosticsInterop (~> 1.0)
    - GoogleDataTransportCCTSupport (~> 1.0)
    - GoogleUtilities/Environment (~> 6.2)
    - GoogleUtilities/Logger (~> 6.2)
    - nanopb (~> 0.3.901)
  - FirebaseCoreDiagnosticsInterop (1.1.0)
  - FirebaseDynamicLinks (4.0.5):
    - FirebaseAnalyticsInterop (~> 1.3)
    - FirebaseCore (~> 6.2)
  - FirebaseInstanceID (4.2.7):
    - FirebaseCore (~> 6.0)
    - GoogleUtilities/Environment (~> 6.0)
    - GoogleUtilities/UserDefaults (~> 6.0)
  - FirebasePerformance (3.1.7):
    - FirebaseCore (~> 6.4)
    - FirebaseInstanceID (~> 4.2)
    - FirebaseRemoteConfig (~> 4.4)
    - GoogleToolboxForMac/Logger (~> 2.1)
    - "GoogleToolboxForMac/NSData+zlib (~> 2.1)"
    - GoogleUtilities/Environment (~> 6.2)
    - GoogleUtilities/ISASwizzler (~> 6.2)
    - GoogleUtilities/MethodSwizzler (~> 6.2)
    - GTMSessionFetcher/Core (~> 1.1)
    - Protobuf (~> 3.9)
  - FirebaseRemoteConfig (4.4.5):
    - FirebaseABTesting (~> 3.1)
    - FirebaseAnalyticsInterop (~> 1.4)
    - FirebaseCore (~> 6.2)
    - FirebaseInstanceID (~> 4.2)
    - GoogleUtilities/Environment (~> 6.2)
    - "GoogleUtilities/NSData+zlib (~> 6.2)"
    - Protobuf (>= 3.9.2, ~> 3.9)
  - Folly (2018.10.22.00):
    - boost-for-react-native
    - DoubleConversion
    - Folly/Default (= 2018.10.22.00)
    - glog
  - Folly/Default (2018.10.22.00):
    - boost-for-react-native
    - DoubleConversion
    - glog
  - glog (0.3.5)
  - GoogleAppMeasurement (6.1.6):
    - GoogleUtilities/AppDelegateSwizzler (~> 6.0)
    - GoogleUtilities/MethodSwizzler (~> 6.0)
    - GoogleUtilities/Network (~> 6.0)
    - "GoogleUtilities/NSData+zlib (~> 6.0)"
    - nanopb (= 0.3.9011)
  - GoogleDataTransport (3.2.0)
  - GoogleDataTransportCCTSupport (1.2.2):
    - GoogleDataTransport (~> 3.2)
    - nanopb (~> 0.3.901)
  - GoogleToolboxForMac/Defines (2.2.2)
  - GoogleToolboxForMac/Logger (2.2.2):
    - GoogleToolboxForMac/Defines (= 2.2.2)
  - "GoogleToolboxForMac/NSData+zlib (2.2.2)":
    - GoogleToolboxForMac/Defines (= 2.2.2)
  - GoogleUtilities/AppDelegateSwizzler (6.3.2):
    - GoogleUtilities/Environment
    - GoogleUtilities/Logger
    - GoogleUtilities/Network
  - GoogleUtilities/Environment (6.3.2)
  - GoogleUtilities/ISASwizzler (6.3.2)
  - GoogleUtilities/Logger (6.3.2):
    - GoogleUtilities/Environment
  - GoogleUtilities/MethodSwizzler (6.3.2):
    - GoogleUtilities/Logger
  - GoogleUtilities/Network (6.3.2):
    - GoogleUtilities/Logger
    - "GoogleUtilities/NSData+zlib"
    - GoogleUtilities/Reachability
  - "GoogleUtilities/NSData+zlib (6.3.2)"
  - GoogleUtilities/Reachability (6.3.2):
    - GoogleUtilities/Logger
  - GoogleUtilities/UserDefaults (6.3.2):
    - GoogleUtilities/Logger
  - GTMSessionFetcher/Core (1.3.0)
  - Intercom (5.5.2)
  - nanopb (0.3.9011):
    - nanopb/decode (= 0.3.9011)
    - nanopb/encode (= 0.3.9011)
  - nanopb/decode (0.3.9011)
  - nanopb/encode (0.3.9011)
  - Protobuf (3.11.1)
  - React (0.60.4):
    - React-Core (= 0.60.4)
    - React-DevSupport (= 0.60.4)
    - React-RCTActionSheet (= 0.60.4)
    - React-RCTAnimation (= 0.60.4)
    - React-RCTBlob (= 0.60.4)
    - React-RCTImage (= 0.60.4)
    - React-RCTLinking (= 0.60.4)
    - React-RCTNetwork (= 0.60.4)
    - React-RCTSettings (= 0.60.4)
    - React-RCTText (= 0.60.4)
    - React-RCTVibration (= 0.60.4)
    - React-RCTWebSocket (= 0.60.4)
  - React-Core (0.60.4):
    - Folly (= 2018.10.22.00)
    - React-cxxreact (= 0.60.4)
    - React-jsiexecutor (= 0.60.4)
    - yoga (= 0.60.4.React)
  - React-cxxreact (0.60.4):
    - boost-for-react-native (= 1.63.0)
    - DoubleConversion
    - Folly (= 2018.10.22.00)
    - glog
    - React-jsinspector (= 0.60.4)
  - React-DevSupport (0.60.4):
    - React-Core (= 0.60.4)
    - React-RCTWebSocket (= 0.60.4)
  - React-fishhook (0.60.4)
  - React-jsi (0.60.4):
    - boost-for-react-native (= 1.63.0)
    - DoubleConversion
    - Folly (= 2018.10.22.00)
    - glog
    - React-jsi/Default (= 0.60.4)
  - React-jsi/Default (0.60.4):
    - boost-for-react-native (= 1.63.0)
    - DoubleConversion
    - Folly (= 2018.10.22.00)
    - glog
  - React-jsiexecutor (0.60.4):
    - DoubleConversion
    - Folly (= 2018.10.22.00)
    - glog
    - React-cxxreact (= 0.60.4)
    - React-jsi (= 0.60.4)
  - React-jsinspector (0.60.4)
  - react-native-authcore (1.0.0):
    - React
  - react-native-camera (3.8.0):
    - React
    - react-native-camera/RCT (= 3.8.0)
    - react-native-camera/RN (= 3.8.0)
  - react-native-camera/RCT (3.8.0):
    - React
  - react-native-camera/RN (3.8.0):
    - React
  - react-native-intercom (13.2.0):
    - Intercom (~> 5.5.1)
    - React
  - react-native-randombytes (3.5.3):
    - React
  - react-native-splash-screen (3.1.1):
    - React
  - react-native-webview (8.1.2):
    - React
  - React-RCTActionSheet (0.60.4):
    - React-Core (= 0.60.4)
  - React-RCTAnimation (0.60.4):
    - React-Core (= 0.60.4)
  - React-RCTBlob (0.60.4):
    - React-Core (= 0.60.4)
    - React-RCTNetwork (= 0.60.4)
    - React-RCTWebSocket (= 0.60.4)
  - React-RCTImage (0.60.4):
    - React-Core (= 0.60.4)
    - React-RCTNetwork (= 0.60.4)
  - React-RCTLinking (0.60.4):
    - React-Core (= 0.60.4)
  - React-RCTNetwork (0.60.4):
    - React-Core (= 0.60.4)
  - React-RCTSettings (0.60.4):
    - React-Core (= 0.60.4)
  - React-RCTText (0.60.4):
    - React-Core (= 0.60.4)
  - React-RCTVibration (0.60.4):
    - React-Core (= 0.60.4)
  - React-RCTWebSocket (0.60.4):
    - React-Core (= 0.60.4)
    - React-fishhook (= 0.60.4)
  - ReactNativeShareExtension (2.0.0):
    - React
  - RNCAsyncStorage (1.6.1):
    - React
  - RNExitApp (1.1.0):
    - React
  - RNFBAnalytics (6.1.0):
    - Firebase/Core (~> 6.13.0)
    - React
    - RNFBApp
  - RNFBApp (6.1.0):
    - Firebase/Core (~> 6.13.0)
    - React
  - RNFBCrashlytics (6.1.0):
    - Crashlytics (~> 3.12.0)
    - Fabric (~> 1.9.0)
    - Firebase/Core (~> 6.13.0)
    - React
    - RNFBApp
  - RNFBDynamicLinks (6.1.0):
    - Firebase/Core (~> 6.13.0)
    - Firebase/DynamicLinks (~> 6.13.0)
    - React
    - RNFBApp
  - RNFBPerf (6.1.0):
    - Firebase/Core (~> 6.13.0)
    - Firebase/Performance (~> 6.13.0)
    - React
    - RNFBApp
  - RNFBRemoteConfig (6.1.0):
    - Firebase/Core (~> 6.13.0)
    - Firebase/RemoteConfig (~> 6.13.0)
    - React
    - RNFBApp
  - RNGestureHandler (1.4.1):
    - React
  - RNIap (4.3.0):
    - React
  - RNKeychain (3.1.3):
    - React
  - RNLocalize (1.1.4):
    - React
  - RNSentry (1.1.0):
    - React
    - Sentry (~> 4.4.0)
  - RNSVG (9.9.3):
    - React
  - Sentry (4.4.2):
    - Sentry/Core (= 4.4.2)
  - Sentry/Core (4.4.2)
  - yoga (0.60.4.React)

DEPENDENCIES:
  - BVLinearGradient (from `../node_modules/react-native-linear-gradient`)
  - DoubleConversion (from `../node_modules/react-native/third-party-podspecs/DoubleConversion.podspec`)
  - Folly (from `../node_modules/react-native/third-party-podspecs/Folly.podspec`)
  - glog (from `../node_modules/react-native/third-party-podspecs/glog.podspec`)
  - React (from `../node_modules/react-native/`)
  - React-Core (from `../node_modules/react-native/React`)
  - React-cxxreact (from `../node_modules/react-native/ReactCommon/cxxreact`)
  - React-DevSupport (from `../node_modules/react-native/React`)
  - React-fishhook (from `../node_modules/react-native/Libraries/fishhook`)
  - React-jsi (from `../node_modules/react-native/ReactCommon/jsi`)
  - React-jsiexecutor (from `../node_modules/react-native/ReactCommon/jsiexecutor`)
  - React-jsinspector (from `../node_modules/react-native/ReactCommon/jsinspector`)
  - react-native-authcore (from `../node_modules/react-native-authcore`)
  - react-native-camera (from `../node_modules/react-native-camera`)
  - react-native-intercom (from `../node_modules/react-native-intercom`)
  - react-native-randombytes (from `../node_modules/react-native-randombytes`)
  - react-native-splash-screen (from `../node_modules/react-native-splash-screen`)
  - react-native-webview (from `../node_modules/react-native-webview`)
  - React-RCTActionSheet (from `../node_modules/react-native/Libraries/ActionSheetIOS`)
  - React-RCTAnimation (from `../node_modules/react-native/Libraries/NativeAnimation`)
  - React-RCTBlob (from `../node_modules/react-native/Libraries/Blob`)
  - React-RCTImage (from `../node_modules/react-native/Libraries/Image`)
  - React-RCTLinking (from `../node_modules/react-native/Libraries/LinkingIOS`)
  - React-RCTNetwork (from `../node_modules/react-native/Libraries/Network`)
  - React-RCTSettings (from `../node_modules/react-native/Libraries/Settings`)
  - React-RCTText (from `../node_modules/react-native/Libraries/Text`)
  - React-RCTVibration (from `../node_modules/react-native/Libraries/Vibration`)
  - React-RCTWebSocket (from `../node_modules/react-native/Libraries/WebSocket`)
  - ReactNativeShareExtension (from `../node_modules/react-native-share-extension/ReactNativeShareExtension.podspec`)
  - "RNCAsyncStorage (from `../node_modules/@react-native-community/async-storage`)"
  - RNExitApp (from `../node_modules/react-native-exit-app`)
  - "RNFBAnalytics (from `../node_modules/@react-native-firebase/analytics`)"
  - "RNFBApp (from `../node_modules/@react-native-firebase/app`)"
  - "RNFBCrashlytics (from `../node_modules/@react-native-firebase/crashlytics`)"
  - "RNFBDynamicLinks (from `../node_modules/@react-native-firebase/dynamic-links`)"
  - "RNFBPerf (from `../node_modules/@react-native-firebase/perf`)"
  - "RNFBRemoteConfig (from `../node_modules/@react-native-firebase/remote-config`)"
  - RNGestureHandler (from `../node_modules/react-native-gesture-handler`)
  - RNIap (from `../node_modules/react-native-iap`)
  - RNKeychain (from `../node_modules/react-native-keychain`)
  - RNLocalize (from `../node_modules/react-native-localize`)
  - "RNSentry (from `../node_modules/@sentry/react-native`)"
  - RNSVG (from `../node_modules/react-native-svg`)
  - yoga (from `../node_modules/react-native/ReactCommon/yoga`)

SPEC REPOS:
  trunk:
    - boost-for-react-native
    - Crashlytics
    - Fabric
    - Firebase
    - FirebaseABTesting
    - FirebaseAnalytics
    - FirebaseAnalyticsInterop
    - FirebaseCore
    - FirebaseCoreDiagnostics
    - FirebaseCoreDiagnosticsInterop
    - FirebaseDynamicLinks
    - FirebaseInstanceID
    - FirebasePerformance
    - FirebaseRemoteConfig
    - GoogleAppMeasurement
    - GoogleDataTransport
    - GoogleDataTransportCCTSupport
    - GoogleToolboxForMac
    - GoogleUtilities
    - GTMSessionFetcher
    - Intercom
    - nanopb
    - Protobuf
    - Sentry

EXTERNAL SOURCES:
  BVLinearGradient:
    :path: "../node_modules/react-native-linear-gradient"
  DoubleConversion:
    :podspec: "../node_modules/react-native/third-party-podspecs/DoubleConversion.podspec"
  Folly:
    :podspec: "../node_modules/react-native/third-party-podspecs/Folly.podspec"
  glog:
    :podspec: "../node_modules/react-native/third-party-podspecs/glog.podspec"
  React:
    :path: "../node_modules/react-native/"
  React-Core:
    :path: "../node_modules/react-native/React"
  React-cxxreact:
    :path: "../node_modules/react-native/ReactCommon/cxxreact"
  React-DevSupport:
    :path: "../node_modules/react-native/React"
  React-fishhook:
    :path: "../node_modules/react-native/Libraries/fishhook"
  React-jsi:
    :path: "../node_modules/react-native/ReactCommon/jsi"
  React-jsiexecutor:
    :path: "../node_modules/react-native/ReactCommon/jsiexecutor"
  React-jsinspector:
    :path: "../node_modules/react-native/ReactCommon/jsinspector"
  react-native-authcore:
    :path: "../node_modules/react-native-authcore"
  react-native-camera:
    :path: "../node_modules/react-native-camera"
  react-native-intercom:
    :path: "../node_modules/react-native-intercom"
  react-native-randombytes:
    :path: "../node_modules/react-native-randombytes"
  react-native-splash-screen:
    :path: "../node_modules/react-native-splash-screen"
  react-native-webview:
    :path: "../node_modules/react-native-webview"
  React-RCTActionSheet:
    :path: "../node_modules/react-native/Libraries/ActionSheetIOS"
  React-RCTAnimation:
    :path: "../node_modules/react-native/Libraries/NativeAnimation"
  React-RCTBlob:
    :path: "../node_modules/react-native/Libraries/Blob"
  React-RCTImage:
    :path: "../node_modules/react-native/Libraries/Image"
  React-RCTLinking:
    :path: "../node_modules/react-native/Libraries/LinkingIOS"
  React-RCTNetwork:
    :path: "../node_modules/react-native/Libraries/Network"
  React-RCTSettings:
    :path: "../node_modules/react-native/Libraries/Settings"
  React-RCTText:
    :path: "../node_modules/react-native/Libraries/Text"
  React-RCTVibration:
    :path: "../node_modules/react-native/Libraries/Vibration"
  React-RCTWebSocket:
    :path: "../node_modules/react-native/Libraries/WebSocket"
  ReactNativeShareExtension:
    :podspec: "../node_modules/react-native-share-extension/ReactNativeShareExtension.podspec"
  RNCAsyncStorage:
    :path: "../node_modules/@react-native-community/async-storage"
  RNExitApp:
    :path: "../node_modules/react-native-exit-app"
  RNFBAnalytics:
    :path: "../node_modules/@react-native-firebase/analytics"
  RNFBApp:
    :path: "../node_modules/@react-native-firebase/app"
  RNFBCrashlytics:
    :path: "../node_modules/@react-native-firebase/crashlytics"
  RNFBDynamicLinks:
    :path: "../node_modules/@react-native-firebase/dynamic-links"
  RNFBPerf:
    :path: "../node_modules/@react-native-firebase/perf"
  RNFBRemoteConfig:
    :path: "../node_modules/@react-native-firebase/remote-config"
  RNGestureHandler:
    :path: "../node_modules/react-native-gesture-handler"
  RNIap:
    :path: "../node_modules/react-native-iap"
  RNKeychain:
    :path: "../node_modules/react-native-keychain"
  RNLocalize:
    :path: "../node_modules/react-native-localize"
  RNSentry:
    :path: "../node_modules/@sentry/react-native"
  RNSVG:
    :path: "../node_modules/react-native-svg"
  yoga:
    :path: "../node_modules/react-native/ReactCommon/yoga"

SPEC CHECKSUMS:
  boost-for-react-native: 39c7adb57c4e60d6c5479dd8623128eb5b3f0f2c
  BVLinearGradient: e3aad03778a456d77928f594a649e96995f1c872
  Crashlytics: 07fb167b1694128c1c9a5a5cc319b0e9c3ca0933
  DoubleConversion: 5805e889d232975c086db112ece9ed034df7a0b2
  Fabric: f988e33c97f08930a413e08123064d2e5f68d655
  Firebase: 458d109512200d1aca2e1b9b6cf7d68a869a4a46
  FirebaseABTesting: 0d10f3cdc3fa00f3f175b5b56c1003c8e888299f
  FirebaseAnalytics: 45f36d9c429fc91d206283900ab75390cd05ee8a
  FirebaseAnalyticsInterop: d48b6ab67bcf016a05e55b71fc39c61c0cb6b7f3
  FirebaseCore: 307ea2508df730c5865334e41965bd9ea344b0e5
  FirebaseCoreDiagnostics: 511f4f3ed7d440bb69127e8b97c2bc8befae639e
  FirebaseCoreDiagnosticsInterop: e9b1b023157e3a2fc6418b5cb601e79b9af7b3a0
  FirebaseDynamicLinks: db62e9da4788f9c5ebce2028dab933a0c158cfe2
  FirebaseInstanceID: ebd2ea79ee38db0cb5f5167b17a0d387e1cc7b6e
  FirebasePerformance: 22273a775eaed4cd3e072c9b88396a5e4b285c3f
  FirebaseRemoteConfig: 6ad68503c04701b8d9d709240711bc0bf6edaf94
  Folly: 30e7936e1c45c08d884aa59369ed951a8e68cf51
  glog: 1f3da668190260b06b429bb211bfbee5cd790c28
  GoogleAppMeasurement: dfe55efa543e899d906309eaaac6ca26d249862f
  GoogleDataTransport: 8e9b210c97d55fbff306cc5468ff91b9cb32dcf5
  GoogleDataTransportCCTSupport: ef79a4728b864946a8aafdbab770d5294faf3b5f
  GoogleToolboxForMac: 800648f8b3127618c1b59c7f97684427630c5ea3
  GoogleUtilities: 547a86735c6f0ee30ad17e94df4fc21f616b71cb
  GTMSessionFetcher: 43b8b64263023d4f32caa0b40f4c8bfa3c5f36d8
  Intercom: 1151a15e5e7931d8e401671a4357239d44325159
  nanopb: 18003b5e52dab79db540fe93fe9579f399bd1ccd
  Protobuf: 20d79da7f20b5928b80043b05080b816e802659e
  React: ff7ee2ae5ee1c1d9ae2183b4111045b25294bb01
  React-Core: 8e0ea421cae5609d2562850f98421b15030476fa
  React-cxxreact: 326880209990151a7182a813311054e9772ba510
  React-DevSupport: e9f10e6721e78e87622fc985db695c0c0168db8a
  React-fishhook: 1f0e5b08449403fa75c3fb3881a0beefbada14af
  React-jsi: 21d3153b1153fbf6510a92b6b11e33e725cb7432
  React-jsiexecutor: 7549641e48bafae7bfee3f3ea19bf4901639c5de
  React-jsinspector: 73f24a02fa684ed6a2b828ba116874a2191ded88
  react-native-authcore: cca08325158d4979caff295a8cd064733b78264f
  react-native-camera: 21cf4ed26cf432ceb1fae959aa6924943fd6f714
  react-native-intercom: 25ceddd224fdf63be29d4e25e95a893e5befe18f
  react-native-randombytes: 3638d24759d67c68f6ccba60c52a7a8a8faa6a23
  react-native-splash-screen: 353334c5ae82d8c74501ea7cbb916cb7cb20c8bf
  react-native-webview: fcb5f377aadc216273300f452ee0d321fb85809b
  React-RCTActionSheet: 9f71d7ae3e8fb10e08d162cbf14c621349dbfab3
  React-RCTAnimation: 981d8c95b0e30918a9832ccac32af83562a27fae
  React-RCTBlob: 21e73d1020a302a75fed30dbaee9f15287b80baa
  React-RCTImage: c0bc6ac0926517b6fb7e4c279b04843113e99d1d
  React-RCTLinking: 1af3f3c59114bed3deec0107c62e7efad0932ee5
  React-RCTNetwork: 35df9de46e19cda5c56380be1a7759b9b8cb2fcd
  React-RCTSettings: f580504c2cd1f44e25add10fb9ed3954f67f8ac5
  React-RCTText: e0f224898b13af9aa036ea7cb3d438daa68c1044
  React-RCTVibration: 0bea40cd51bd089bd591a8f74c86e91fdf2666c5
  React-RCTWebSocket: 163873f4cdd5f1058a9483443404fc3801581cb6
  ReactNativeShareExtension: 589ed96a7823b475e630d7987a0958bff9804ee6
  RNCAsyncStorage: 2e2e3feb9bdadc752a026703d8c4065ca912e75a
  RNExitApp: c4e052df2568b43bec8a37c7cd61194d4cfee2c3
  RNFBAnalytics: 525439ff61630432b5c62f0b3534bd4ccd662355
  RNFBApp: edeadb99669dd39f9d7f8f7f68d420fda4d8b7d8
  RNFBCrashlytics: ba2007fd3e5c526ea3687d1035b17a06b290b7ce
  RNFBDynamicLinks: 64b1d2cb6b49ccc032ca3846da54bb1f38304f2c
  RNFBPerf: fe86502969c2c49b4c03e7b448868ba501d87180
  RNFBRemoteConfig: 0390026a43f17c30c948c5ece4badc5e7a95b938
  RNGestureHandler: 4cb47a93019c1a201df2644413a0a1569a51c8aa
  RNIap: e75200c18ed318479a52db633dc2db2facce77ea
  RNKeychain: c658833a9cb2cbcba6423bdd6e16cce59e27da0e
  RNLocalize: 62a949d2ec5bee0eb8f39a80a48f01e2f4f67080
  RNSentry: 932ac1c8b2f581b1c8be5812f88ff556c99e7fb7
  RNSVG: 2a15d0d14d171ba610db927190604d1ab223f413
  Sentry: bba998b0fb157fdd6596aa73290a9d67ae47be79
  yoga: c2c050f6ae6e222534760cc82f559b89214b67e2

PODFILE CHECKSUM: d9cbfb268fb9116b14d2cfdf81f8e63041389c7c

COCOAPODS: 1.8.4
