PODS:
  - boost (1.76.0)
  - BranchSDK (2.1.0)
  - BVLinearGradient (2.5.6):
    - React
  - CocoaAsyncSocket (7.6.5)
  - DoubleConversion (1.1.6)
  - FBLazyVector (0.66.5)
  - FBReactNativeSpec (0.66.5):
    - RCT-Folly (= 2021.06.28.00-v2)
    - RCTRequired (= 0.66.5)
    - RCTTypeSafety (= 0.66.5)
    - React-Core (= 0.66.5)
    - React-jsi (= 0.66.5)
    - ReactCommon/turbomodule/core (= 0.66.5)
  - Firebase/Analytics (7.11.0):
    - Firebase/Core
  - Firebase/Core (7.11.0):
    - Firebase/CoreOnly
    - FirebaseAnalytics (~> 7.11.0)
  - Firebase/CoreOnly (7.11.0):
    - FirebaseCore (= 7.11.0)
  - Firebase/Crashlytics (7.11.0):
    - Firebase/CoreOnly
    - FirebaseCrashlytics (~> 7.11.0)
  - Firebase/DynamicLinks (7.11.0):
    - Firebase/CoreOnly
    - FirebaseDynamicLinks (~> 7.11.0)
  - Firebase/Performance (7.11.0):
    - Firebase/CoreOnly
    - FirebasePerformance (~> 7.11.0)
  - Firebase/RemoteConfig (7.11.0):
    - Firebase/CoreOnly
    - FirebaseRemoteConfig (~> 7.11.0)
  - FirebaseABTesting (7.11.0):
    - FirebaseCore (~> 7.0)
  - FirebaseAnalytics (7.11.0):
    - FirebaseAnalytics/AdIdSupport (= 7.11.0)
    - FirebaseCore (~> 7.0)
    - FirebaseInstallations (~> 7.0)
    - GoogleUtilities/AppDelegateSwizzler (~> 7.0)
    - GoogleUtilities/MethodSwizzler (~> 7.0)
    - GoogleUtilities/Network (~> 7.0)
    - "GoogleUtilities/NSData+zlib (~> 7.0)"
    - nanopb (~> 2.30908.0)
  - FirebaseAnalytics/AdIdSupport (7.11.0):
    - FirebaseAnalytics/Base (= 7.11.0)
    - FirebaseCore (~> 7.0)
    - FirebaseInstallations (~> 7.0)
    - GoogleAppMeasurement/AdIdSupport (= 7.11.0)
    - GoogleUtilities/AppDelegateSwizzler (~> 7.0)
    - GoogleUtilities/MethodSwizzler (~> 7.0)
    - GoogleUtilities/Network (~> 7.0)
    - "GoogleUtilities/NSData+zlib (~> 7.0)"
    - nanopb (~> 2.30908.0)
  - FirebaseAnalytics/Base (7.11.0):
    - FirebaseCore (~> 7.0)
    - FirebaseInstallations (~> 7.0)
    - GoogleUtilities/AppDelegateSwizzler (~> 7.0)
    - GoogleUtilities/MethodSwizzler (~> 7.0)
    - GoogleUtilities/Network (~> 7.0)
    - "GoogleUtilities/NSData+zlib (~> 7.0)"
    - nanopb (~> 2.30908.0)
  - FirebaseCore (7.11.0):
    - FirebaseCoreDiagnostics (~> 7.4)
    - GoogleUtilities/Environment (~> 7.0)
    - GoogleUtilities/Logger (~> 7.0)
  - FirebaseCoreDiagnostics (7.11.0):
    - GoogleDataTransport (~> 8.4)
    - GoogleUtilities/Environment (~> 7.0)
    - GoogleUtilities/Logger (~> 7.0)
    - nanopb (~> 2.30908.0)
  - FirebaseCrashlytics (7.11.0):
    - FirebaseCore (~> 7.0)
    - FirebaseInstallations (~> 7.0)
    - GoogleDataTransport (~> 8.4)
    - nanopb (~> 2.30908.0)
    - PromisesObjC (~> 1.2)
  - FirebaseDynamicLinks (7.11.0):
    - FirebaseCore (~> 7.0)
  - FirebaseInstallations (7.11.0):
    - FirebaseCore (~> 7.0)
    - GoogleUtilities/Environment (~> 7.0)
    - GoogleUtilities/UserDefaults (~> 7.0)
    - PromisesObjC (~> 1.2)
  - FirebasePerformance (7.11.0):
    - FirebaseCore (~> 7.0)
    - FirebaseInstallations (~> 7.0)
    - FirebaseRemoteConfig (~> 7.0)
    - GoogleDataTransport (~> 8.4)
    - GoogleUtilities/Environment (~> 7.0)
    - GoogleUtilities/ISASwizzler (~> 7.0)
    - GoogleUtilities/MethodSwizzler (~> 7.0)
    - Protobuf (~> 3.12)
  - FirebaseRemoteConfig (7.11.0):
    - FirebaseABTesting (~> 7.0)
    - FirebaseCore (~> 7.0)
    - FirebaseInstallations (~> 7.0)
    - GoogleUtilities/Environment (~> 7.0)
    - "GoogleUtilities/NSData+zlib (~> 7.0)"
  - Flipper (0.125.0):
    - Flipper-Folly (~> 2.6)
    - Flipper-RSocket (~> 1.4)
  - Flipper-Boost-iOSX (1.76.0.1.11)
  - Flipper-DoubleConversion (1.1.7)
  - Flipper-Fmt (7.1.7)
  - Flipper-Folly (2.6.7):
    - Flipper-Boost-iOSX
    - Flipper-DoubleConversion
    - Flipper-Fmt (= 7.1.7)
    - Flipper-Glog
    - libevent (~> 2.1.12)
    - OpenSSL-Universal (= 1.1.180)
  - Flipper-Glog (0.3.6)
  - Flipper-PeerTalk (0.0.4)
  - Flipper-RSocket (1.4.3):
    - Flipper-Folly (~> 2.6)
  - FlipperKit (0.125.0):
    - FlipperKit/Core (= 0.125.0)
  - FlipperKit/Core (0.125.0):
    - Flipper (~> 0.125.0)
    - FlipperKit/CppBridge
    - FlipperKit/FBCxxFollyDynamicConvert
    - FlipperKit/FBDefines
    - FlipperKit/FKPortForwarding
    - SocketRocket (~> 0.6.0)
  - FlipperKit/CppBridge (0.125.0):
    - Flipper (~> 0.125.0)
  - FlipperKit/FBCxxFollyDynamicConvert (0.125.0):
    - Flipper-Folly (~> 2.6)
  - FlipperKit/FBDefines (0.125.0)
  - FlipperKit/FKPortForwarding (0.125.0):
    - CocoaAsyncSocket (~> 7.6)
    - Flipper-PeerTalk (~> 0.0.4)
  - FlipperKit/FlipperKitHighlightOverlay (0.125.0)
  - FlipperKit/FlipperKitLayoutHelpers (0.125.0):
    - FlipperKit/Core
    - FlipperKit/FlipperKitHighlightOverlay
    - FlipperKit/FlipperKitLayoutTextSearchable
  - FlipperKit/FlipperKitLayoutIOSDescriptors (0.125.0):
    - FlipperKit/Core
    - FlipperKit/FlipperKitHighlightOverlay
    - FlipperKit/FlipperKitLayoutHelpers
    - YogaKit (~> 1.18)
  - FlipperKit/FlipperKitLayoutPlugin (0.125.0):
    - FlipperKit/Core
    - FlipperKit/FlipperKitHighlightOverlay
    - FlipperKit/FlipperKitLayoutHelpers
    - FlipperKit/FlipperKitLayoutIOSDescriptors
    - FlipperKit/FlipperKitLayoutTextSearchable
    - YogaKit (~> 1.18)
  - FlipperKit/FlipperKitLayoutTextSearchable (0.125.0)
  - FlipperKit/FlipperKitNetworkPlugin (0.125.0):
    - FlipperKit/Core
  - FlipperKit/FlipperKitReactPlugin (0.125.0):
    - FlipperKit/Core
  - FlipperKit/FlipperKitUserDefaultsPlugin (0.125.0):
    - FlipperKit/Core
  - FlipperKit/SKIOSNetworkPlugin (0.125.0):
    - FlipperKit/Core
    - FlipperKit/FlipperKitNetworkPlugin
  - fmt (6.2.1)
  - glog (0.3.5)
  - GoogleAppMeasurement/AdIdSupport (7.11.0):
    - GoogleUtilities/AppDelegateSwizzler (~> 7.0)
    - GoogleUtilities/MethodSwizzler (~> 7.0)
    - GoogleUtilities/Network (~> 7.0)
    - "GoogleUtilities/NSData+zlib (~> 7.0)"
    - nanopb (~> 2.30908.0)
  - GoogleDataTransport (8.4.0):
    - GoogleUtilities/Environment (~> 7.2)
    - nanopb (~> 2.30908.0)
    - PromisesObjC (~> 1.2)
  - GoogleUtilities/AppDelegateSwizzler (7.3.1):
    - GoogleUtilities/Environment
    - GoogleUtilities/Logger
    - GoogleUtilities/Network
  - GoogleUtilities/Environment (7.3.1):
    - PromisesObjC (~> 1.2)
  - GoogleUtilities/ISASwizzler (7.3.1)
  - GoogleUtilities/Logger (7.3.1):
    - GoogleUtilities/Environment
  - GoogleUtilities/MethodSwizzler (7.3.1):
    - GoogleUtilities/Logger
  - GoogleUtilities/Network (7.3.1):
    - GoogleUtilities/Logger
    - "GoogleUtilities/NSData+zlib"
    - GoogleUtilities/Reachability
  - "GoogleUtilities/NSData+zlib (7.3.1)"
  - GoogleUtilities/Reachability (7.3.1):
    - GoogleUtilities/Logger
  - GoogleUtilities/UserDefaults (7.3.1):
    - GoogleUtilities/Logger
  - libevent (2.1.12)
  - libwebp (1.2.0):
    - libwebp/demux (= 1.2.0)
    - libwebp/mux (= 1.2.0)
    - libwebp/webp (= 1.2.0)
  - libwebp/demux (1.2.0):
    - libwebp/webp
  - libwebp/mux (1.2.0):
    - libwebp/demux
  - libwebp/webp (1.2.0)
  - nanopb (2.30908.0):
    - nanopb/decode (= 2.30908.0)
    - nanopb/encode (= 2.30908.0)
  - nanopb/decode (2.30908.0)
  - nanopb/encode (2.30908.0)
  - OpenSSL-Universal (1.1.180)
  - PromisesObjC (1.2.12)
  - Protobuf (3.14.0)
  - RCT-Folly (2021.06.28.00-v2):
    - boost
    - DoubleConversion
    - fmt (~> 6.2.1)
    - glog
    - RCT-Folly/Default (= 2021.06.28.00-v2)
  - RCT-Folly/Default (2021.06.28.00-v2):
    - boost
    - DoubleConversion
    - fmt (~> 6.2.1)
    - glog
  - RCTRequired (0.66.5)
  - RCTTypeSafety (0.66.5):
    - FBLazyVector (= 0.66.5)
    - RCT-Folly (= 2021.06.28.00-v2)
    - RCTRequired (= 0.66.5)
    - React-Core (= 0.66.5)
  - React (0.66.5):
    - React-Core (= 0.66.5)
    - React-Core/DevSupport (= 0.66.5)
    - React-Core/RCTWebSocket (= 0.66.5)
    - React-RCTActionSheet (= 0.66.5)
    - React-RCTAnimation (= 0.66.5)
    - React-RCTBlob (= 0.66.5)
    - React-RCTImage (= 0.66.5)
    - React-RCTLinking (= 0.66.5)
    - React-RCTNetwork (= 0.66.5)
    - React-RCTSettings (= 0.66.5)
    - React-RCTText (= 0.66.5)
    - React-RCTVibration (= 0.66.5)
  - React-callinvoker (0.66.5)
  - React-Core (0.66.5):
    - glog
    - RCT-Folly (= 2021.06.28.00-v2)
    - React-Core/Default (= 0.66.5)
    - React-cxxreact (= 0.66.5)
    - React-jsi (= 0.66.5)
    - React-jsiexecutor (= 0.66.5)
    - React-perflogger (= 0.66.5)
    - Yoga
  - React-Core/CoreModulesHeaders (0.66.5):
    - glog
    - RCT-Folly (= 2021.06.28.00-v2)
    - React-Core/Default
    - React-cxxreact (= 0.66.5)
    - React-jsi (= 0.66.5)
    - React-jsiexecutor (= 0.66.5)
    - React-perflogger (= 0.66.5)
    - Yoga
  - React-Core/Default (0.66.5):
    - glog
    - RCT-Folly (= 2021.06.28.00-v2)
    - React-cxxreact (= 0.66.5)
    - React-jsi (= 0.66.5)
    - React-jsiexecutor (= 0.66.5)
    - React-perflogger (= 0.66.5)
    - Yoga
  - React-Core/DevSupport (0.66.5):
    - glog
    - RCT-Folly (= 2021.06.28.00-v2)
    - React-Core/Default (= 0.66.5)
    - React-Core/RCTWebSocket (= 0.66.5)
    - React-cxxreact (= 0.66.5)
    - React-jsi (= 0.66.5)
    - React-jsiexecutor (= 0.66.5)
    - React-jsinspector (= 0.66.5)
    - React-perflogger (= 0.66.5)
    - Yoga
  - React-Core/RCTActionSheetHeaders (0.66.5):
    - glog
    - RCT-Folly (= 2021.06.28.00-v2)
    - React-Core/Default
    - React-cxxreact (= 0.66.5)
    - React-jsi (= 0.66.5)
    - React-jsiexecutor (= 0.66.5)
    - React-perflogger (= 0.66.5)
    - Yoga
  - React-Core/RCTAnimationHeaders (0.66.5):
    - glog
    - RCT-Folly (= 2021.06.28.00-v2)
    - React-Core/Default
    - React-cxxreact (= 0.66.5)
    - React-jsi (= 0.66.5)
    - React-jsiexecutor (= 0.66.5)
    - React-perflogger (= 0.66.5)
    - Yoga
  - React-Core/RCTBlobHeaders (0.66.5):
    - glog
    - RCT-Folly (= 2021.06.28.00-v2)
    - React-Core/Default
    - React-cxxreact (= 0.66.5)
    - React-jsi (= 0.66.5)
    - React-jsiexecutor (= 0.66.5)
    - React-perflogger (= 0.66.5)
    - Yoga
  - React-Core/RCTImageHeaders (0.66.5):
    - glog
    - RCT-Folly (= 2021.06.28.00-v2)
    - React-Core/Default
    - React-cxxreact (= 0.66.5)
    - React-jsi (= 0.66.5)
    - React-jsiexecutor (= 0.66.5)
    - React-perflogger (= 0.66.5)
    - Yoga
  - React-Core/RCTLinkingHeaders (0.66.5):
    - glog
    - RCT-Folly (= 2021.06.28.00-v2)
    - React-Core/Default
    - React-cxxreact (= 0.66.5)
    - React-jsi (= 0.66.5)
    - React-jsiexecutor (= 0.66.5)
    - React-perflogger (= 0.66.5)
    - Yoga
  - React-Core/RCTNetworkHeaders (0.66.5):
    - glog
    - RCT-Folly (= 2021.06.28.00-v2)
    - React-Core/Default
    - React-cxxreact (= 0.66.5)
    - React-jsi (= 0.66.5)
    - React-jsiexecutor (= 0.66.5)
    - React-perflogger (= 0.66.5)
    - Yoga
  - React-Core/RCTSettingsHeaders (0.66.5):
    - glog
    - RCT-Folly (= 2021.06.28.00-v2)
    - React-Core/Default
    - React-cxxreact (= 0.66.5)
    - React-jsi (= 0.66.5)
    - React-jsiexecutor (= 0.66.5)
    - React-perflogger (= 0.66.5)
    - Yoga
  - React-Core/RCTTextHeaders (0.66.5):
    - glog
    - RCT-Folly (= 2021.06.28.00-v2)
    - React-Core/Default
    - React-cxxreact (= 0.66.5)
    - React-jsi (= 0.66.5)
    - React-jsiexecutor (= 0.66.5)
    - React-perflogger (= 0.66.5)
    - Yoga
  - React-Core/RCTVibrationHeaders (0.66.5):
    - glog
    - RCT-Folly (= 2021.06.28.00-v2)
    - React-Core/Default
    - React-cxxreact (= 0.66.5)
    - React-jsi (= 0.66.5)
    - React-jsiexecutor (= 0.66.5)
    - React-perflogger (= 0.66.5)
    - Yoga
  - React-Core/RCTWebSocket (0.66.5):
    - glog
    - RCT-Folly (= 2021.06.28.00-v2)
    - React-Core/Default (= 0.66.5)
    - React-cxxreact (= 0.66.5)
    - React-jsi (= 0.66.5)
    - React-jsiexecutor (= 0.66.5)
    - React-perflogger (= 0.66.5)
    - Yoga
  - React-CoreModules (0.66.5):
    - FBReactNativeSpec (= 0.66.5)
    - RCT-Folly (= 2021.06.28.00-v2)
    - RCTTypeSafety (= 0.66.5)
    - React-Core/CoreModulesHeaders (= 0.66.5)
    - React-jsi (= 0.66.5)
    - React-RCTImage (= 0.66.5)
    - ReactCommon/turbomodule/core (= 0.66.5)
  - React-cxxreact (0.66.5):
    - boost (= 1.76.0)
    - DoubleConversion
    - glog
    - RCT-Folly (= 2021.06.28.00-v2)
    - React-callinvoker (= 0.66.5)
    - React-jsi (= 0.66.5)
    - React-jsinspector (= 0.66.5)
    - React-logger (= 0.66.5)
    - React-perflogger (= 0.66.5)
    - React-runtimeexecutor (= 0.66.5)
  - React-jsi (0.66.5):
    - boost (= 1.76.0)
    - DoubleConversion
    - glog
    - RCT-Folly (= 2021.06.28.00-v2)
    - React-jsi/Default (= 0.66.5)
  - React-jsi/Default (0.66.5):
    - boost (= 1.76.0)
    - DoubleConversion
    - glog
    - RCT-Folly (= 2021.06.28.00-v2)
  - React-jsiexecutor (0.66.5):
    - DoubleConversion
    - glog
    - RCT-Folly (= 2021.06.28.00-v2)
    - React-cxxreact (= 0.66.5)
    - React-jsi (= 0.66.5)
    - React-perflogger (= 0.66.5)
  - React-jsinspector (0.66.5)
  - React-logger (0.66.5):
    - glog
  - react-native-authcore (1.0.0):
    - React
  - react-native-branch (5.8.0):
    - BranchSDK (= 2.1.0)
    - React-Core
  - react-native-camera (3.8.0):
    - React
    - react-native-camera/RCT (= 3.8.0)
    - react-native-camera/RN (= 3.8.0)
  - react-native-camera/RCT (3.8.0):
    - React
  - react-native-camera/RN (3.8.0):
    - React
  - react-native-cookies (6.2.1):
    - React-Core
  - react-native-encrypted-storage (4.0.3):
    - React-Core
  - react-native-image-picker (4.8.1):
    - React-Core
  - react-native-image-sequence (0.7.0):
    - React
  - react-native-randombytes (3.5.3):
    - React
  - react-native-safe-area-context (3.2.0):
    - React-Core
  - react-native-splash-screen (3.3.0):
    - React-Core
  - react-native-tracking-transparency (0.1.2):
    - React
  - react-native-webview (11.26.1):
    - React-Core
  - React-perflogger (0.66.5)
  - React-RCTActionSheet (0.66.5):
    - React-Core/RCTActionSheetHeaders (= 0.66.5)
  - React-RCTAnimation (0.66.5):
    - FBReactNativeSpec (= 0.66.5)
    - RCT-Folly (= 2021.06.28.00-v2)
    - RCTTypeSafety (= 0.66.5)
    - React-Core/RCTAnimationHeaders (= 0.66.5)
    - React-jsi (= 0.66.5)
    - ReactCommon/turbomodule/core (= 0.66.5)
  - React-RCTBlob (0.66.5):
    - FBReactNativeSpec (= 0.66.5)
    - RCT-Folly (= 2021.06.28.00-v2)
    - React-Core/RCTBlobHeaders (= 0.66.5)
    - React-Core/RCTWebSocket (= 0.66.5)
    - React-jsi (= 0.66.5)
    - React-RCTNetwork (= 0.66.5)
    - ReactCommon/turbomodule/core (= 0.66.5)
  - React-RCTImage (0.66.5):
    - FBReactNativeSpec (= 0.66.5)
    - RCT-Folly (= 2021.06.28.00-v2)
    - RCTTypeSafety (= 0.66.5)
    - React-Core/RCTImageHeaders (= 0.66.5)
    - React-jsi (= 0.66.5)
    - React-RCTNetwork (= 0.66.5)
    - ReactCommon/turbomodule/core (= 0.66.5)
  - React-RCTLinking (0.66.5):
    - FBReactNativeSpec (= 0.66.5)
    - React-Core/RCTLinkingHeaders (= 0.66.5)
    - React-jsi (= 0.66.5)
    - ReactCommon/turbomodule/core (= 0.66.5)
  - React-RCTNetwork (0.66.5):
    - FBReactNativeSpec (= 0.66.5)
    - RCT-Folly (= 2021.06.28.00-v2)
    - RCTTypeSafety (= 0.66.5)
    - React-Core/RCTNetworkHeaders (= 0.66.5)
    - React-jsi (= 0.66.5)
    - ReactCommon/turbomodule/core (= 0.66.5)
  - React-RCTSettings (0.66.5):
    - FBReactNativeSpec (= 0.66.5)
    - RCT-Folly (= 2021.06.28.00-v2)
    - RCTTypeSafety (= 0.66.5)
    - React-Core/RCTSettingsHeaders (= 0.66.5)
    - React-jsi (= 0.66.5)
    - ReactCommon/turbomodule/core (= 0.66.5)
  - React-RCTText (0.66.5):
    - React-Core/RCTTextHeaders (= 0.66.5)
  - React-RCTVibration (0.66.5):
    - FBReactNativeSpec (= 0.66.5)
    - RCT-Folly (= 2021.06.28.00-v2)
    - React-Core/RCTVibrationHeaders (= 0.66.5)
    - React-jsi (= 0.66.5)
    - ReactCommon/turbomodule/core (= 0.66.5)
  - React-runtimeexecutor (0.66.5):
    - React-jsi (= 0.66.5)
  - ReactCommon/turbomodule/core (0.66.5):
    - DoubleConversion
    - glog
    - RCT-Folly (= 2021.06.28.00-v2)
    - React-callinvoker (= 0.66.5)
    - React-Core (= 0.66.5)
    - React-cxxreact (= 0.66.5)
    - React-jsi (= 0.66.5)
    - React-logger (= 0.66.5)
    - React-perflogger (= 0.66.5)
  - ReactNativeShareExtension (2.0.0):
    - React
  - RNCAsyncStorage (1.18.2):
    - React-Core
  - RNCMaskedView (0.1.11):
    - React
  - RNDeviceInfo (5.6.1):
    - React
  - RNExitApp (1.1.0):
    - React
  - RNFastImage (8.3.2):
    - React
    - SDWebImage (~> 5.8)
    - SDWebImageWebPCoder (~> 0.6.1)
  - RNFBAnalytics (11.5.0):
    - Firebase/Analytics (= 7.11.0)
    - React-Core
    - RNFBApp
  - RNFBApp (11.5.0):
    - Firebase/CoreOnly (= 7.11.0)
    - React-Core
  - RNFBCrashlytics (11.5.0):
    - Firebase/Crashlytics (= 7.11.0)
    - React-Core
    - RNFBApp
  - RNFBDynamicLinks (11.5.0):
    - Firebase/DynamicLinks (= 7.11.0)
    - GoogleUtilities/AppDelegateSwizzler
    - React-Core
    - RNFBApp
  - RNFBPerf (11.5.0):
    - Firebase/Performance (= 7.11.0)
    - React-Core
    - RNFBApp
  - RNFBRemoteConfig (11.5.0):
    - Firebase/RemoteConfig (= 7.11.0)
    - React-Core
    - RNFBApp
  - RNGestureHandler (1.10.3):
    - React-Core
  - RNIap (7.5.6):
    - React-Core
  - RNKeychain (3.1.3):
    - React
  - RNLocalize (1.1.4):
    - React
  - RNRate (1.2.12):
    - React-Core
  - RNReanimated (2.17.0):
    - DoubleConversion
    - FBLazyVector
    - FBReactNativeSpec
    - glog
    - RCT-Folly
    - RCTRequired
    - RCTTypeSafety
    - React-callinvoker
    - React-Core
    - React-Core/DevSupport
    - React-Core/RCTWebSocket
    - React-CoreModules
    - React-cxxreact
    - React-jsi
    - React-jsiexecutor
    - React-jsinspector
    - React-RCTActionSheet
    - React-RCTAnimation
    - React-RCTBlob
    - React-RCTImage
    - React-RCTLinking
    - React-RCTNetwork
    - React-RCTSettings
    - React-RCTText
    - ReactCommon/turbomodule/core
    - Yoga
  - RNScreens (3.20.0):
    - React-Core
    - React-RCTImage
  - RNSentry (5.6.0):
    - React-Core
    - Sentry/HybridSDK (= 8.7.3)
  - RNSVG (12.5.1):
    - React-Core
  - SDWebImage (5.9.1):
    - SDWebImage/Core (= 5.9.1)
  - SDWebImage/Core (5.9.1)
  - SDWebImageWebPCoder (0.6.1):
    - libwebp (~> 1.0)
    - SDWebImage/Core (~> 5.7)
  - Sentry/HybridSDK (8.7.3):
    - SentryPrivate (= 8.7.3)
  - SentryPrivate (8.7.3)
  - SocketRocket (0.6.0)
  - Yoga (1.14.0)
  - YogaKit (1.18.1):
    - Yoga (~> 1.14)

DEPENDENCIES:
  - boost (from `../node_modules/react-native/third-party-podspecs/boost.podspec`)
  - BVLinearGradient (from `../node_modules/react-native-linear-gradient`)
  - DoubleConversion (from `../node_modules/react-native/third-party-podspecs/DoubleConversion.podspec`)
  - FBLazyVector (from `../node_modules/react-native/Libraries/FBLazyVector`)
  - FBReactNativeSpec (from `../node_modules/react-native/React/FBReactNativeSpec`)
  - Flipper (= 0.125.0)
  - Flipper-Boost-iOSX (= 1.76.0.1.11)
  - Flipper-DoubleConversion (= 1.1.7)
  - Flipper-Fmt (= 7.1.7)
  - Flipper-Folly (= 2.6.7)
  - Flipper-Glog (= 0.3.6)
  - Flipper-PeerTalk (= 0.0.4)
  - Flipper-RSocket (= 1.4.3)
  - FlipperKit (= 0.125.0)
  - FlipperKit/Core (= 0.125.0)
  - FlipperKit/CppBridge (= 0.125.0)
  - FlipperKit/FBCxxFollyDynamicConvert (= 0.125.0)
  - FlipperKit/FBDefines (= 0.125.0)
  - FlipperKit/FKPortForwarding (= 0.125.0)
  - FlipperKit/FlipperKitHighlightOverlay (= 0.125.0)
  - FlipperKit/FlipperKitLayoutPlugin (= 0.125.0)
  - FlipperKit/FlipperKitLayoutTextSearchable (= 0.125.0)
  - FlipperKit/FlipperKitNetworkPlugin (= 0.125.0)
  - FlipperKit/FlipperKitReactPlugin (= 0.125.0)
  - FlipperKit/FlipperKitUserDefaultsPlugin (= 0.125.0)
  - FlipperKit/SKIOSNetworkPlugin (= 0.125.0)
  - glog (from `../node_modules/react-native/third-party-podspecs/glog.podspec`)
  - RCT-Folly (from `../node_modules/react-native/third-party-podspecs/RCT-Folly.podspec`)
  - RCTRequired (from `../node_modules/react-native/Libraries/RCTRequired`)
  - RCTTypeSafety (from `../node_modules/react-native/Libraries/TypeSafety`)
  - React (from `../node_modules/react-native/`)
  - React-callinvoker (from `../node_modules/react-native/ReactCommon/callinvoker`)
  - React-Core (from `../node_modules/react-native/`)
  - React-Core/DevSupport (from `../node_modules/react-native/`)
  - React-Core/RCTWebSocket (from `../node_modules/react-native/`)
  - React-CoreModules (from `../node_modules/react-native/React/CoreModules`)
  - React-cxxreact (from `../node_modules/react-native/ReactCommon/cxxreact`)
  - React-jsi (from `../node_modules/react-native/ReactCommon/jsi`)
  - React-jsiexecutor (from `../node_modules/react-native/ReactCommon/jsiexecutor`)
  - React-jsinspector (from `../node_modules/react-native/ReactCommon/jsinspector`)
  - React-logger (from `../node_modules/react-native/ReactCommon/logger`)
  - react-native-authcore (from `../node_modules/react-native-authcore`)
  - react-native-branch (from `../node_modules/react-native-branch`)
  - react-native-camera (from `../node_modules/react-native-camera`)
  - "react-native-cookies (from `../node_modules/@react-native-cookies/cookies`)"
  - react-native-encrypted-storage (from `../node_modules/react-native-encrypted-storage`)
  - react-native-image-picker (from `../node_modules/react-native-image-picker`)
  - react-native-image-sequence (from `../node_modules/react-native-image-sequence`)
  - react-native-randombytes (from `../node_modules/react-native-randombytes`)
  - react-native-safe-area-context (from `../node_modules/react-native-safe-area-context`)
  - react-native-splash-screen (from `../node_modules/react-native-splash-screen`)
  - react-native-tracking-transparency (from `../node_modules/react-native-tracking-transparency`)
  - react-native-webview (from `../node_modules/react-native-webview`)
  - React-perflogger (from `../node_modules/react-native/ReactCommon/reactperflogger`)
  - React-RCTActionSheet (from `../node_modules/react-native/Libraries/ActionSheetIOS`)
  - React-RCTAnimation (from `../node_modules/react-native/Libraries/NativeAnimation`)
  - React-RCTBlob (from `../node_modules/react-native/Libraries/Blob`)
  - React-RCTImage (from `../node_modules/react-native/Libraries/Image`)
  - React-RCTLinking (from `../node_modules/react-native/Libraries/LinkingIOS`)
  - React-RCTNetwork (from `../node_modules/react-native/Libraries/Network`)
  - React-RCTSettings (from `../node_modules/react-native/Libraries/Settings`)
  - React-RCTText (from `../node_modules/react-native/Libraries/Text`)
  - React-RCTVibration (from `../node_modules/react-native/Libraries/Vibration`)
  - React-runtimeexecutor (from `../node_modules/react-native/ReactCommon/runtimeexecutor`)
  - ReactCommon/turbomodule/core (from `../node_modules/react-native/ReactCommon`)
  - ReactNativeShareExtension (from `../node_modules/react-native-share-extension`)
  - "RNCAsyncStorage (from `../node_modules/@react-native-async-storage/async-storage`)"
  - "RNCMaskedView (from `../node_modules/@react-native-community/masked-view`)"
  - RNDeviceInfo (from `../node_modules/react-native-device-info`)
  - RNExitApp (from `../node_modules/react-native-exit-app`)
  - RNFastImage (from `../node_modules/react-native-fast-image`)
  - "RNFBAnalytics (from `../node_modules/@react-native-firebase/analytics`)"
  - "RNFBApp (from `../node_modules/@react-native-firebase/app`)"
  - "RNFBCrashlytics (from `../node_modules/@react-native-firebase/crashlytics`)"
  - "RNFBDynamicLinks (from `../node_modules/@react-native-firebase/dynamic-links`)"
  - "RNFBPerf (from `../node_modules/@react-native-firebase/perf`)"
  - "RNFBRemoteConfig (from `../node_modules/@react-native-firebase/remote-config`)"
  - RNGestureHandler (from `../node_modules/react-native-gesture-handler`)
  - RNIap (from `../node_modules/react-native-iap`)
  - RNKeychain (from `../node_modules/react-native-keychain`)
  - RNLocalize (from `../node_modules/react-native-localize`)
  - RNRate (from `../node_modules/react-native-rate`)
  - RNReanimated (from `../node_modules/react-native-reanimated`)
  - RNScreens (from `../node_modules/react-native-screens`)
  - "RNSentry (from `../node_modules/@sentry/react-native`)"
  - RNSVG (from `../node_modules/react-native-svg`)
  - Yoga (from `../node_modules/react-native/ReactCommon/yoga`)

SPEC REPOS:
  trunk:
    - BranchSDK
    - CocoaAsyncSocket
    - Firebase
    - FirebaseABTesting
    - FirebaseAnalytics
    - FirebaseCore
    - FirebaseCoreDiagnostics
    - FirebaseCrashlytics
    - FirebaseDynamicLinks
    - FirebaseInstallations
    - FirebasePerformance
    - FirebaseRemoteConfig
    - Flipper
    - Flipper-Boost-iOSX
    - Flipper-DoubleConversion
    - Flipper-Fmt
    - Flipper-Folly
    - Flipper-Glog
    - Flipper-PeerTalk
    - Flipper-RSocket
    - FlipperKit
    - fmt
    - GoogleAppMeasurement
    - GoogleDataTransport
    - GoogleUtilities
    - libevent
    - libwebp
    - nanopb
    - OpenSSL-Universal
    - PromisesObjC
    - Protobuf
    - SDWebImage
    - SDWebImageWebPCoder
    - Sentry
    - SentryPrivate
    - SocketRocket
    - YogaKit

EXTERNAL SOURCES:
  boost:
    :podspec: "../node_modules/react-native/third-party-podspecs/boost.podspec"
  BVLinearGradient:
    :path: "../node_modules/react-native-linear-gradient"
  DoubleConversion:
    :podspec: "../node_modules/react-native/third-party-podspecs/DoubleConversion.podspec"
  FBLazyVector:
    :path: "../node_modules/react-native/Libraries/FBLazyVector"
  FBReactNativeSpec:
    :path: "../node_modules/react-native/React/FBReactNativeSpec"
  glog:
    :podspec: "../node_modules/react-native/third-party-podspecs/glog.podspec"
  RCT-Folly:
    :podspec: "../node_modules/react-native/third-party-podspecs/RCT-Folly.podspec"
  RCTRequired:
    :path: "../node_modules/react-native/Libraries/RCTRequired"
  RCTTypeSafety:
    :path: "../node_modules/react-native/Libraries/TypeSafety"
  React:
    :path: "../node_modules/react-native/"
  React-callinvoker:
    :path: "../node_modules/react-native/ReactCommon/callinvoker"
  React-Core:
    :path: "../node_modules/react-native/"
  React-CoreModules:
    :path: "../node_modules/react-native/React/CoreModules"
  React-cxxreact:
    :path: "../node_modules/react-native/ReactCommon/cxxreact"
  React-jsi:
    :path: "../node_modules/react-native/ReactCommon/jsi"
  React-jsiexecutor:
    :path: "../node_modules/react-native/ReactCommon/jsiexecutor"
  React-jsinspector:
    :path: "../node_modules/react-native/ReactCommon/jsinspector"
  React-logger:
    :path: "../node_modules/react-native/ReactCommon/logger"
  react-native-authcore:
    :path: "../node_modules/react-native-authcore"
  react-native-branch:
    :path: "../node_modules/react-native-branch"
  react-native-camera:
    :path: "../node_modules/react-native-camera"
  react-native-cookies:
    :path: "../node_modules/@react-native-cookies/cookies"
  react-native-encrypted-storage:
    :path: "../node_modules/react-native-encrypted-storage"
  react-native-image-picker:
    :path: "../node_modules/react-native-image-picker"
  react-native-image-sequence:
    :path: "../node_modules/react-native-image-sequence"
  react-native-randombytes:
    :path: "../node_modules/react-native-randombytes"
  react-native-safe-area-context:
    :path: "../node_modules/react-native-safe-area-context"
  react-native-splash-screen:
    :path: "../node_modules/react-native-splash-screen"
  react-native-tracking-transparency:
    :path: "../node_modules/react-native-tracking-transparency"
  react-native-webview:
    :path: "../node_modules/react-native-webview"
  React-perflogger:
    :path: "../node_modules/react-native/ReactCommon/reactperflogger"
  React-RCTActionSheet:
    :path: "../node_modules/react-native/Libraries/ActionSheetIOS"
  React-RCTAnimation:
    :path: "../node_modules/react-native/Libraries/NativeAnimation"
  React-RCTBlob:
    :path: "../node_modules/react-native/Libraries/Blob"
  React-RCTImage:
    :path: "../node_modules/react-native/Libraries/Image"
  React-RCTLinking:
    :path: "../node_modules/react-native/Libraries/LinkingIOS"
  React-RCTNetwork:
    :path: "../node_modules/react-native/Libraries/Network"
  React-RCTSettings:
    :path: "../node_modules/react-native/Libraries/Settings"
  React-RCTText:
    :path: "../node_modules/react-native/Libraries/Text"
  React-RCTVibration:
    :path: "../node_modules/react-native/Libraries/Vibration"
  React-runtimeexecutor:
    :path: "../node_modules/react-native/ReactCommon/runtimeexecutor"
  ReactCommon:
    :path: "../node_modules/react-native/ReactCommon"
  ReactNativeShareExtension:
    :path: "../node_modules/react-native-share-extension"
  RNCAsyncStorage:
    :path: "../node_modules/@react-native-async-storage/async-storage"
  RNCMaskedView:
    :path: "../node_modules/@react-native-community/masked-view"
  RNDeviceInfo:
    :path: "../node_modules/react-native-device-info"
  RNExitApp:
    :path: "../node_modules/react-native-exit-app"
  RNFastImage:
    :path: "../node_modules/react-native-fast-image"
  RNFBAnalytics:
    :path: "../node_modules/@react-native-firebase/analytics"
  RNFBApp:
    :path: "../node_modules/@react-native-firebase/app"
  RNFBCrashlytics:
    :path: "../node_modules/@react-native-firebase/crashlytics"
  RNFBDynamicLinks:
    :path: "../node_modules/@react-native-firebase/dynamic-links"
  RNFBPerf:
    :path: "../node_modules/@react-native-firebase/perf"
  RNFBRemoteConfig:
    :path: "../node_modules/@react-native-firebase/remote-config"
  RNGestureHandler:
    :path: "../node_modules/react-native-gesture-handler"
  RNIap:
    :path: "../node_modules/react-native-iap"
  RNKeychain:
    :path: "../node_modules/react-native-keychain"
  RNLocalize:
    :path: "../node_modules/react-native-localize"
  RNRate:
    :path: "../node_modules/react-native-rate"
  RNReanimated:
    :path: "../node_modules/react-native-reanimated"
  RNScreens:
    :path: "../node_modules/react-native-screens"
  RNSentry:
    :path: "../node_modules/@sentry/react-native"
  RNSVG:
    :path: "../node_modules/react-native-svg"
  Yoga:
    :path: "../node_modules/react-native/ReactCommon/yoga"

SPEC CHECKSUMS:
  boost: a7c83b31436843459a1961bfd74b96033dc77234
  BranchSDK: ce28650272c658fcdb66675769e670ef83845d17
  BVLinearGradient: e3aad03778a456d77928f594a649e96995f1c872
  CocoaAsyncSocket: 065fd1e645c7abab64f7a6a2007a48038fdc6a99
  DoubleConversion: 5805e889d232975c086db112ece9ed034df7a0b2
  FBLazyVector: a926a9aaa3596b181972abf0f47eff3dee796222
  FBReactNativeSpec: f1141d5407f4a27c397bca5db03cc03919357b0d
  Firebase: c121feb35e4126c0b355e3313fa9b487d47319fd
  FirebaseABTesting: e66f1f80747792630d9b292966de206d5df9853b
  FirebaseAnalytics: cd3bd84d722a24a8923918af8af8e5236f615d77
  FirebaseCore: 907447d8917a4d3eb0cce2829c5a0ad21d90b432
  FirebaseCoreDiagnostics: 68ad972f99206cef818230f3f3179d52ccfb7f8c
  FirebaseCrashlytics: 272b675aa9d1e9bae1f9e1449fcc1f2cf6042806
  FirebaseDynamicLinks: 07f101c20bb40fd39f6b3e5278a64a5f2f660dc1
  FirebaseInstallations: a58d4f72ec5861840b84df489f2668d970df558a
  FirebasePerformance: 3166d0c16b359b1ef92be774f46f2768b98c8993
  FirebaseRemoteConfig: 0ea30de5fb0231df8c1bdcdf3b6c23bdc5066131
  Flipper: 26fc4b7382499f1281eb8cb921e5c3ad6de91fe0
  Flipper-Boost-iOSX: fd1e2b8cbef7e662a122412d7ac5f5bea715403c
  Flipper-DoubleConversion: 38631e41ef4f9b12861c67d17cb5518d06badc41
  Flipper-Fmt: 60cbdd92fc254826e61d669a5d87ef7015396a9b
  Flipper-Folly: 83af37379faa69497529e414bd43fbfc7cae259a
  Flipper-Glog: 1dfd6abf1e922806c52ceb8701a3599a79a200a6
  Flipper-PeerTalk: 116d8f857dc6ef55c7a5a75ea3ceaafe878aadc9
  Flipper-RSocket: d9d9ade67cbecf6ac10730304bf5607266dd2541
  FlipperKit: cbdee19bdd4e7f05472a66ce290f1b729ba3cb86
  fmt: ff9d55029c625d3757ed641535fd4a75fedc7ce9
  glog: 1f3da668190260b06b429bb211bfbee5cd790c28
  GoogleAppMeasurement: fd19169c3034975cb934e865e5667bfdce59df7f
  GoogleDataTransport: cd9db2180fcecd8da1b561aea31e3e56cf834aa7
  GoogleUtilities: e1d9ed4e544fc32a93e00e721400cbc3f377200d
  libevent: 4049cae6c81cdb3654a443be001fb9bdceff7913
  libwebp: e90b9c01d99205d03b6bb8f2c8c415e5a4ef66f0
  nanopb: a0ba3315591a9ae0a16a309ee504766e90db0c96
  OpenSSL-Universal: 1aa4f6a6ee7256b83db99ec1ccdaa80d10f9af9b
  PromisesObjC: 3113f7f76903778cf4a0586bd1ab89329a0b7b97
  Protobuf: 0cde852566359049847168e51bd1c690e0f70056
  RCT-Folly: a21c126816d8025b547704b777a2ba552f3d9fa9
  RCTRequired: 405e24508a0feed1771d48caebb85c581db53122
  RCTTypeSafety: 0654998ea6afd3dccecbf6bb379d7c10d1361a72
  React: cce3ac45191e66a78c79234582cbfe322e4dfd00
  React-callinvoker: 613b19264ce63cab0a2bbb6546caa24f2ad0a679
  React-Core: fe529d7c1d74b3eb9505fdfc2f4b10f2f2984a85
  React-CoreModules: 71f5d032922a043ab6f9023acda41371a774bf5c
  React-cxxreact: 808c0d39b270860af712848082009d623180999c
  React-jsi: 01b246df3667ad921a33adeb0ce199772afe9e2b
  React-jsiexecutor: 50a73168582868421112609d2fb155e607e34ec8
  React-jsinspector: 953260b8580780a6e81f2a6d319a8d42fd5028d8
  React-logger: fa4ff1e9c7e115648f7c5dafb7c20822ab4f7a7e
  react-native-authcore: cca08325158d4979caff295a8cd064733b78264f
  react-native-branch: f50f269fa6d2e1b8025c7fc8ebfe4872678abe53
  react-native-camera: 21cf4ed26cf432ceb1fae959aa6924943fd6f714
  react-native-cookies: f54fcded06bb0cda05c11d86788020b43528a26c
  react-native-encrypted-storage: db300a3f2f0aba1e818417c1c0a6be549038deb7
  react-native-image-picker: 5640333245b448b0e64172576ea27760f4134099
  react-native-image-sequence: b4cc7ce0ee9eeec7574b005e06059b3f7f818d96
  react-native-randombytes: 3638d24759d67c68f6ccba60c52a7a8a8faa6a23
  react-native-safe-area-context: f0906bf8bc9835ac9a9d3f97e8bde2a997d8da79
  react-native-splash-screen: 4312f786b13a81b5169ef346d76d33bc0c6dc457
  react-native-tracking-transparency: 25ff1ff866e338c137c818bdec20526bb05ffcc1
  react-native-webview: 9f111dfbcfc826084d6c507f569e5e03342ee1c1
  React-perflogger: 169fb34f60c5fd793b370002ee9c916eba9bc4ae
  React-RCTActionSheet: 2355539e02ad5cd4b1328682ab046487e1e1e920
  React-RCTAnimation: 150644a38c24d80f1f761859c10c727412303f57
  React-RCTBlob: 66042a0ab4206f112ed453130f2cb8802dd7cd82
  React-RCTImage: 3b954d8398ec4bed26cec10e10d311cb3533818b
  React-RCTLinking: 331d9b8a0702c751c7843ddc65b64297c264adc2
  React-RCTNetwork: 96e10dad824ce112087445199ea734b79791ad14
  React-RCTSettings: 41feb3f5fb3319846ad0ba9e8d339e54b5774b67
  React-RCTText: 254741e11c41516759e93ab0b8c38b90f8998f61
  React-RCTVibration: 96dbefca7504f3e52ff47cd0ad0826d20e3a789f
  React-runtimeexecutor: 09041c28ce04143a113eac2d357a6b06bd64b607
  ReactCommon: 8a7a138ae43c04bb8dd760935589f326ca810484
  ReactNativeShareExtension: 589ed96a7823b475e630d7987a0958bff9804ee6
  RNCAsyncStorage: ddc4ee162bfd41b0d2c68bf2d95acd81dd7f1f93
  RNCMaskedView: 0e1bc4bfa8365eba5fbbb71e07fbdc0555249489
  RNDeviceInfo: b6e650fbd234732c759544218657d549b4339038
  RNExitApp: c4e052df2568b43bec8a37c7cd61194d4cfee2c3
  RNFastImage: e19ba191922e7dab9d932a4d59d62d76660aa222
  RNFBAnalytics: 3e250066a98d6ea0a7816c52de75f2633f726580
  RNFBApp: 9c90f9d576861947ba75fe0830567c570bcbcf6d
  RNFBCrashlytics: 8eafacfe3dc4aeb7733c3c3d65228f4e75861e72
  RNFBDynamicLinks: 53f5621a2ab44b6f967f2240f1b7d56f8b6c74de
  RNFBPerf: 27e85a7451cb366b75bd6ade8a2b912749d0a165
  RNFBRemoteConfig: d2c532f1fee5862a7518190211ea2a28123167c5
  RNGestureHandler: a479ebd5ed4221a810967000735517df0d2db211
  RNIap: d248609d1b8937e63bd904e865c318e9b1457eff
  RNKeychain: c658833a9cb2cbcba6423bdd6e16cce59e27da0e
  RNLocalize: 62a949d2ec5bee0eb8f39a80a48f01e2f4f67080
  RNRate: ef3bcff84f39bb1d1e41c5593d3eea4aab2bd73a
  RNReanimated: c13da804217e13f6ee1188fab76d36d74b1488f1
  RNScreens: 218801c16a2782546d30bd2026bb625c0302d70f
  RNSentry: 9f0447b3ce13806f544903748de423259ead8552
  RNSVG: d7d7bc8229af3842c9cfc3a723c815a52cdd1105
  SDWebImage: a990c053fff71e388a10f3357edb0be17929c9c5
  SDWebImageWebPCoder: d0dac55073088d24b2ac1b191a71a8f8d0adac21
  Sentry: c7a86f43510a7d5678d4de28d78c28ab351d295b
  SentryPrivate: 2eaabf598a46d4b9b8822aef766df2a84caf2e6f
  SocketRocket: fccef3f9c5cedea1353a9ef6ada904fde10d6608
  Yoga: b316a990bb6d115afa1b436b5626ac7c61717d17
  YogaKit: f782866e155069a2cca2517aafea43200b01fd5a

PODFILE CHECKSUM: 023d7bdafb940174ba818e3c57708addfbdd5b1c

COCOAPODS: 1.12.1
